
Microsoft Visual Studio Solution File, Format Version 12.00
# Visual Studio 14
VisualStudioVersion = 14.0.25123.0
MinimumVisualStudioVersion = 10.0.40219.1
Project("{FAE04EC0-301F-11D3-BF4B-00C04F79EFBC}") = "VKScript", "VKScript\VKScript.csproj", "{EE69C945-C2AC-403D-A066-C9505B5BE0C5}"
EndProject
Project("{FAE04EC0-301F-11D3-BF4B-00C04F79EFBC}") = "VKScriptTest", "VKScriptTest\VKScriptTest.csproj", "{3DEBFB73-9FBC-45BA-A7C4-A64CE7E46638}"
EndProject
Global
	GlobalSection(SolutionConfigurationPlatforms) = preSolution
		Debug|Any CPU = Debug|Any CPU
		Release|Any CPU = Release|Any CPU
	EndGlobalSection
	GlobalSection(ProjectConfigurationPlatforms) = postSolution
		{EE69C945-C2AC-403D-A066-C9505B5BE0C5}.Debug|Any CPU.ActiveCfg = Debug|Any CPU
		{EE69C945-C2AC-403D-A066-C9505B5BE0C5}.Debug|Any CPU.Build.0 = Debug|Any CPU
		{EE69C945-C2AC-403D-A066-C9505B5BE0C5}.Release|Any CPU.ActiveCfg = Release|Any CPU
		{EE69C945-C2AC-403D-A066-C9505B5BE0C5}.Release|Any CPU.Build.0 = Release|Any CPU
		{3DEBFB73-9FBC-45BA-A7C4-A64CE7E46638}.Debug|Any CPU.ActiveCfg = Debug|Any CPU
		{3DEBFB73-9FBC-45BA-A7C4-A64CE7E46638}.Debug|Any CPU.Build.0 = Debug|Any CPU
		{3DEBFB73-9FBC-45BA-A7C4-A64CE7E46638}.Release|Any CPU.ActiveCfg = Release|Any CPU
		{3DEBFB73-9FBC-45BA-A7C4-A64CE7E46638}.Release|Any CPU.Build.0 = Release|Any CPU
	EndGlobalSection
	GlobalSection(SolutionProperties) = preSolution
		HideSolutionNode = FALSE
	EndGlobalSection
EndGlobal
